
Microsoft Visual Studio Solution File, Format Version 12.00
# Visual Studio Version 16
VisualStudioVersion = 16.0.31025.194
MinimumVisualStudioVersion = 10.0.40219.1
Project("{888888A0-9F3D-457C-B088-3A5042F75D52}") = "CMP3750M", "CMP3750M\CMP3750M.pyproj", "{5D59F780-EC0C-4B8A-8970-261B0B58BD76}"
EndProject
Global
	GlobalSection(SolutionConfigurationPlatforms) = preSolution
		Debug|Any CPU = Debug|Any CPU
		Release|Any CPU = Release|Any CPU
	EndGlobalSection
	GlobalSection(ProjectConfigurationPlatforms) = postSolution
		{5D59F780-EC0C-4B8A-8970-261B0B58BD76}.Debug|Any CPU.ActiveCfg = Debug|Any CPU
		{5D59F780-EC0C-4B8A-8970-261B0B58BD76}.Release|Any CPU.ActiveCfg = Release|Any CPU
	EndGlobalSection
	GlobalSection(SolutionProperties) = preSolution
		HideSolutionNode = FALSE
	EndGlobalSection
	GlobalSection(ExtensibilityGlobals) = postSolution
		SolutionGuid = {58338E89-A997-4408-9C19-720F25D1D40C}
	EndGlobalSection
EndGlobal
